
Microsoft Visual Studio Solution File, Format Version 12.00
# Visual Studio 15
VisualStudioVersion = 15.0.26228.12
MinimumVisualStudioVersion = 10.0.40219.1
Project("{8BC9CEB8-8B4A-11D0-8D11-00A0C91BC942}") = "IRC", "IRC.vcxproj", "{334CBE12-F585-3774-BA0D-24D339B271E3}"
EndProject
Global
	GlobalSection(SolutionConfigurationPlatforms) = preSolution
		Debug|x86 = Debug|x86
		Release|x86 = Release|x86
	EndGlobalSection
	GlobalSection(ProjectConfigurationPlatforms) = postSolution
		{334CBE12-F585-3774-BA0D-24D339B271E3}.Debug|x86.ActiveCfg = Debug|Win32
		{334CBE12-F585-3774-BA0D-24D339B271E3}.Debug|x86.Build.0 = Debug|Win32
		{334CBE12-F585-3774-BA0D-24D339B271E3}.Release|x86.ActiveCfg = Release|Win32
		{334CBE12-F585-3774-BA0D-24D339B271E3}.Release|x86.Build.0 = Release|Win32
	EndGlobalSection
	GlobalSection(SolutionProperties) = preSolution
		HideSolutionNode = FALSE
	EndGlobalSection
EndGlobal
